
Microsoft Visual Studio Solution File, Format Version 12.00
# Visual Studio 15
VisualStudioVersion = 15.0.27703.2042
MinimumVisualStudioVersion = 10.0.40219.1
Project("{9A19103F-16F7-4668-BE54-9A1E7A4F7556}") = "Isogram", "Isogram\Isogram.csproj", "{DB22ED57-28AE-4EAF-AF86-DFCD94404F02}"
EndProject
Project("{9A19103F-16F7-4668-BE54-9A1E7A4F7556}") = "Isogram.Tests", "Isogram.Tests\Isogram.Tests.csproj", "{B16FCF62-A316-4DC0-8DB6-F936D903677C}"
EndProject
Global
	GlobalSection(SolutionConfigurationPlatforms) = preSolution
		Debug|Any CPU = Debug|Any CPU
		Release|Any CPU = Release|Any CPU
	EndGlobalSection
	GlobalSection(ProjectConfigurationPlatforms) = postSolution
		{DB22ED57-28AE-4EAF-AF86-DFCD94404F02}.Debug|Any CPU.ActiveCfg = Debug|Any CPU
		{DB22ED57-28AE-4EAF-AF86-DFCD94404F02}.Debug|Any CPU.Build.0 = Debug|Any CPU
		{DB22ED57-28AE-4EAF-AF86-DFCD94404F02}.Release|Any CPU.ActiveCfg = Release|Any CPU
		{DB22ED57-28AE-4EAF-AF86-DFCD94404F02}.Release|Any CPU.Build.0 = Release|Any CPU
		{B16FCF62-A316-4DC0-8DB6-F936D903677C}.Debug|Any CPU.ActiveCfg = Debug|Any CPU
		{B16FCF62-A316-4DC0-8DB6-F936D903677C}.Debug|Any CPU.Build.0 = Debug|Any CPU
		{B16FCF62-A316-4DC0-8DB6-F936D903677C}.Release|Any CPU.ActiveCfg = Release|Any CPU
		{B16FCF62-A316-4DC0-8DB6-F936D903677C}.Release|Any CPU.Build.0 = Release|Any CPU
	EndGlobalSection
	GlobalSection(SolutionProperties) = preSolution
		HideSolutionNode = FALSE
	EndGlobalSection
	GlobalSection(ExtensibilityGlobals) = postSolution
		SolutionGuid = {AE974CD7-4302-48F1-BFCC-B706F8BE9494}
	EndGlobalSection
EndGlobal
